// !$*UTF8*$!
{
	archiveVersion = 1;
	classes = {
	};
	objectVersion = 56;
	objects = {

/* Begin PBXBuildFile section */
		1D1271C12BDEC22300082B63 /* AddTransferViewModel.swift in Sources */ = {isa = PBXBuildFile; fileRef = 1D1271C02BDEC22300082B63 /* AddTransferViewModel.swift */; };
		1D1271C52BDEC46400082B63 /* CreditCardView.swift in Sources */ = {isa = PBXBuildFile; fileRef = 1D1271C42BDEC46400082B63 /* CreditCardView.swift */; };
		1D1271C72BDEC96600082B63 /* CategoryViewModel.swift in Sources */ = {isa = PBXBuildFile; fileRef = 1D1271C62BDEC96600082B63 /* CategoryViewModel.swift */; };
		1D503AFD2BD57DC500BC7DF8 /* TransferViewModel.swift in Sources */ = {isa = PBXBuildFile; fileRef = 1D503AFC2BD57DC500BC7DF8 /* TransferViewModel.swift */; };
		1D765CF92BDE4D060009B85B /* StatisticsView.swift in Sources */ = {isa = PBXBuildFile; fileRef = 1D765CF82BDE4D060009B85B /* StatisticsView.swift */; };
		1DD398012BD4416700E93680 /* EarningsView.swift in Sources */ = {isa = PBXBuildFile; fileRef = 1DD398002BD4416700E93680 /* EarningsView.swift */; };
		1DE87E3D2BD3A94900EBE6B9 /* ExpenseTrackerApp.swift in Sources */ = {isa = PBXBuildFile; fileRef = 1DE87E3C2BD3A94900EBE6B9 /* ExpenseTrackerApp.swift */; };
		1DE87E3F2BD3A94900EBE6B9 /* ContentView.swift in Sources */ = {isa = PBXBuildFile; fileRef = 1DE87E3E2BD3A94900EBE6B9 /* ContentView.swift */; };
		1DE87E412BD3A94B00EBE6B9 /* Assets.xcassets in Resources */ = {isa = PBXBuildFile; fileRef = 1DE87E402BD3A94B00EBE6B9 /* Assets.xcassets */; };
		1DE87E442BD3A94B00EBE6B9 /* Preview Assets.xcassets in Resources */ = {isa = PBXBuildFile; fileRef = 1DE87E432BD3A94B00EBE6B9 /* Preview Assets.xcassets */; };
		1DE87E4D2BD3ABCE00EBE6B9 /* Expense.swift in Sources */ = {isa = PBXBuildFile; fileRef = 1DE87E4C2BD3ABCE00EBE6B9 /* Expense.swift */; };
		1DE87E4F2BD3AE7B00EBE6B9 /* Category.swift in Sources */ = {isa = PBXBuildFile; fileRef = 1DE87E4E2BD3AE7B00EBE6B9 /* Category.swift */; };
		1DE87E532BD3B2C000EBE6B9 /* CategoryView.swift in Sources */ = {isa = PBXBuildFile; fileRef = 1DE87E522BD3B2C000EBE6B9 /* CategoryView.swift */; };
		1DE87E552BD3B36400EBE6B9 /* ExpensesView.swift in Sources */ = {isa = PBXBuildFile; fileRef = 1DE87E542BD3B36400EBE6B9 /* ExpensesView.swift */; };
		1DE87E592BD3BA7B00EBE6B9 /* AccountView.swift in Sources */ = {isa = PBXBuildFile; fileRef = 1DE87E582BD3BA7B00EBE6B9 /* AccountView.swift */; };
		1DE87E5D2BD3BC7C00EBE6B9 /* GroupedExpenses.swift in Sources */ = {isa = PBXBuildFile; fileRef = 1DE87E5C2BD3BC7C00EBE6B9 /* GroupedExpenses.swift */; };
		1DE87E5F2BD3C37300EBE6B9 /* AddExpenseView.swift in Sources */ = {isa = PBXBuildFile; fileRef = 1DE87E5E2BD3C37300EBE6B9 /* AddExpenseView.swift */; };
		1DE87E612BD3CFE700EBE6B9 /* CardView.swift in Sources */ = {isa = PBXBuildFile; fileRef = 1DE87E602BD3CFE700EBE6B9 /* CardView.swift */; };
		1DFBAB1D2BDC1D900002A405 /* DGCharts in Frameworks */ = {isa = PBXBuildFile; productRef = 1DFBAB1C2BDC1D900002A405 /* DGCharts */; };
		1DFBAB1F2BDC1D900002A405 /* DGChartsDynamic in Frameworks */ = {isa = PBXBuildFile; productRef = 1DFBAB1E2BDC1D900002A405 /* DGChartsDynamic */; };
/* End PBXBuildFile section */

/* Begin PBXFileReference section */
		1D1271C02BDEC22300082B63 /* AddTransferViewModel.swift */ = {isa = PBXFileReference; lastKnownFileType = sourcecode.swift; path = AddTransferViewModel.swift; sourceTree = "<group>"; };
		1D1271C42BDEC46400082B63 /* CreditCardView.swift */ = {isa = PBXFileReference; lastKnownFileType = sourcecode.swift; path = CreditCardView.swift; sourceTree = "<group>"; };
		1D1271C62BDEC96600082B63 /* CategoryViewModel.swift */ = {isa = PBXFileReference; lastKnownFileType = sourcecode.swift; path = CategoryViewModel.swift; sourceTree = "<group>"; };
		1D503AFC2BD57DC500BC7DF8 /* TransferViewModel.swift */ = {isa = PBXFileReference; lastKnownFileType = sourcecode.swift; path = TransferViewModel.swift; sourceTree = "<group>"; };
		1D60E9BE2BF493C100586812 /* WidgetKit.framework */ = {isa = PBXFileReference; lastKnownFileType = wrapper.framework; name = WidgetKit.framework; path = System/Library/Frameworks/WidgetKit.framework; sourceTree = SDKROOT; };
		1D60E9C02BF493C100586812 /* SwiftUI.framework */ = {isa = PBXFileReference; lastKnownFileType = wrapper.framework; name = SwiftUI.framework; path = System/Library/Frameworks/SwiftUI.framework; sourceTree = SDKROOT; };
		1D60EA142BF499E000586812 /* ExpenseTracker.entitlements */ = {isa = PBXFileReference; lastKnownFileType = text.plist.entitlements; path = ExpenseTracker.entitlements; sourceTree = "<group>"; };
		1D765CF82BDE4D060009B85B /* StatisticsView.swift */ = {isa = PBXFileReference; lastKnownFileType = sourcecode.swift; path = StatisticsView.swift; sourceTree = "<group>"; };
		1DD398002BD4416700E93680 /* EarningsView.swift */ = {isa = PBXFileReference; lastKnownFileType = sourcecode.swift; path = EarningsView.swift; sourceTree = "<group>"; };
		1DE87E392BD3A94900EBE6B9 /* ExpenseTracker.app */ = {isa = PBXFileReference; explicitFileType = wrapper.application; includeInIndex = 0; path = ExpenseTracker.app; sourceTree = BUILT_PRODUCTS_DIR; };
		1DE87E3C2BD3A94900EBE6B9 /* ExpenseTrackerApp.swift */ = {isa = PBXFileReference; lastKnownFileType = sourcecode.swift; path = ExpenseTrackerApp.swift; sourceTree = "<group>"; };
		1DE87E3E2BD3A94900EBE6B9 /* ContentView.swift */ = {isa = PBXFileReference; lastKnownFileType = sourcecode.swift; path = ContentView.swift; sourceTree = "<group>"; };
		1DE87E402BD3A94B00EBE6B9 /* Assets.xcassets */ = {isa = PBXFileReference; lastKnownFileType = folder.assetcatalog; path = Assets.xcassets; sourceTree = "<group>"; };
		1DE87E432BD3A94B00EBE6B9 /* Preview Assets.xcassets */ = {isa = PBXFileReference; lastKnownFileType = folder.assetcatalog; path = "Preview Assets.xcassets"; sourceTree = "<group>"; };
		1DE87E4C2BD3ABCE00EBE6B9 /* Expense.swift */ = {isa = PBXFileReference; lastKnownFileType = sourcecode.swift; path = Expense.swift; sourceTree = "<group>"; };
		1DE87E4E2BD3AE7B00EBE6B9 /* Category.swift */ = {isa = PBXFileReference; lastKnownFileType = sourcecode.swift; path = Category.swift; sourceTree = "<group>"; };
		1DE87E522BD3B2C000EBE6B9 /* CategoryView.swift */ = {isa = PBXFileReference; lastKnownFileType = sourcecode.swift; path = CategoryView.swift; sourceTree = "<group>"; };
		1DE87E542BD3B36400EBE6B9 /* ExpensesView.swift */ = {isa = PBXFileReference; lastKnownFileType = sourcecode.swift; path = ExpensesView.swift; sourceTree = "<group>"; };
		1DE87E582BD3BA7B00EBE6B9 /* AccountView.swift */ = {isa = PBXFileReference; lastKnownFileType = sourcecode.swift; path = AccountView.swift; sourceTree = "<group>"; };
		1DE87E5C2BD3BC7C00EBE6B9 /* GroupedExpenses.swift */ = {isa = PBXFileReference; lastKnownFileType = sourcecode.swift; path = GroupedExpenses.swift; sourceTree = "<group>"; };
		1DE87E5E2BD3C37300EBE6B9 /* AddExpenseView.swift */ = {isa = PBXFileReference; lastKnownFileType = sourcecode.swift; path = AddExpenseView.swift; sourceTree = "<group>"; };
		1DE87E602BD3CFE700EBE6B9 /* CardView.swift */ = {isa = PBXFileReference; lastKnownFileType = sourcecode.swift; path = CardView.swift; sourceTree = "<group>"; };
/* End PBXFileReference section */

/* Begin PBXFrameworksBuildPhase section */
		1DE87E362BD3A94900EBE6B9 /* Frameworks */ = {
			isa = PBXFrameworksBuildPhase;
			buildActionMask = 2147483647;
			files = (
				1DFBAB1F2BDC1D900002A405 /* DGChartsDynamic in Frameworks */,
				1DFBAB1D2BDC1D900002A405 /* DGCharts in Frameworks */,
			);
			runOnlyForDeploymentPostprocessing = 0;
		};
/* End PBXFrameworksBuildPhase section */

/* Begin PBXGroup section */
		1D503B022BD5835100BC7DF8 /* ViewModel */ = {
			isa = PBXGroup;
			children = (
				1D503AFC2BD57DC500BC7DF8 /* TransferViewModel.swift */,
				1D1271C02BDEC22300082B63 /* AddTransferViewModel.swift */,
				1D1271C62BDEC96600082B63 /* CategoryViewModel.swift */,
			);
			path = ViewModel;
			sourceTree = "<group>";
		};
		1D60E9BD2BF493C100586812 /* Frameworks */ = {
			isa = PBXGroup;
			children = (
				1D60E9BE2BF493C100586812 /* WidgetKit.framework */,
				1D60E9C02BF493C100586812 /* SwiftUI.framework */,
			);
			name = Frameworks;
			sourceTree = "<group>";
		};
		1DE87E302BD3A94900EBE6B9 = {
			isa = PBXGroup;
			children = (
				1DE87E3B2BD3A94900EBE6B9 /* ExpenseTracker */,
				1D60E9BD2BF493C100586812 /* Frameworks */,
				1DE87E3A2BD3A94900EBE6B9 /* Products */,
			);
			sourceTree = "<group>";
		};
		1DE87E3A2BD3A94900EBE6B9 /* Products */ = {
			isa = PBXGroup;
			children = (
				1DE87E392BD3A94900EBE6B9 /* ExpenseTracker.app */,
			);
			name = Products;
			sourceTree = "<group>";
		};
		1DE87E3B2BD3A94900EBE6B9 /* ExpenseTracker */ = {
			isa = PBXGroup;
			children = (
				1D60EA142BF499E000586812 /* ExpenseTracker.entitlements */,
				1DE87E4B2BD3ABA800EBE6B9 /* Model */,
				1D503B022BD5835100BC7DF8 /* ViewModel */,
				1DE87E4A2BD3AB9F00EBE6B9 /* View */,
				1DE87E3E2BD3A94900EBE6B9 /* ContentView.swift */,
				1DE87E3C2BD3A94900EBE6B9 /* ExpenseTrackerApp.swift */,
				1DE87E402BD3A94B00EBE6B9 /* Assets.xcassets */,
				1DE87E422BD3A94B00EBE6B9 /* Preview Content */,
			);
			path = ExpenseTracker;
			sourceTree = "<group>";
		};
		1DE87E422BD3A94B00EBE6B9 /* Preview Content */ = {
			isa = PBXGroup;
			children = (
				1DE87E432BD3A94B00EBE6B9 /* Preview Assets.xcassets */,
			);
			path = "Preview Content";
			sourceTree = "<group>";
		};
		1DE87E4A2BD3AB9F00EBE6B9 /* View */ = {
			isa = PBXGroup;
			children = (
				1DE87E582BD3BA7B00EBE6B9 /* AccountView.swift */,
				1DE87E542BD3B36400EBE6B9 /* ExpensesView.swift */,
				1DE87E5E2BD3C37300EBE6B9 /* AddExpenseView.swift */,
				1DD398002BD4416700E93680 /* EarningsView.swift */,
				1DE87E522BD3B2C000EBE6B9 /* CategoryView.swift */,
				1DE87E602BD3CFE700EBE6B9 /* CardView.swift */,
				1D765CF82BDE4D060009B85B /* StatisticsView.swift */,
				1D1271C42BDEC46400082B63 /* CreditCardView.swift */,
			);
			path = View;
			sourceTree = "<group>";
		};
		1DE87E4B2BD3ABA800EBE6B9 /* Model */ = {
			isa = PBXGroup;
			children = (
				1DE87E4C2BD3ABCE00EBE6B9 /* Expense.swift */,
				1DE87E4E2BD3AE7B00EBE6B9 /* Category.swift */,
				1DE87E5C2BD3BC7C00EBE6B9 /* GroupedExpenses.swift */,
			);
			path = Model;
			sourceTree = "<group>";
		};
/* End PBXGroup section */

/* Begin PBXNativeTarget section */
		1DE87E382BD3A94900EBE6B9 /* ExpenseTracker */ = {
			isa = PBXNativeTarget;
			buildConfigurationList = 1DE87E472BD3A94B00EBE6B9 /* Build configuration list for PBXNativeTarget "ExpenseTracker" */;
			buildPhases = (
				1DE87E352BD3A94900EBE6B9 /* Sources */,
				1DE87E362BD3A94900EBE6B9 /* Frameworks */,
				1DE87E372BD3A94900EBE6B9 /* Resources */,
			);
			buildRules = (
			);
			dependencies = (
			);
			name = ExpenseTracker;
			packageProductDependencies = (
				1DFBAB1C2BDC1D900002A405 /* DGCharts */,
				1DFBAB1E2BDC1D900002A405 /* DGChartsDynamic */,
			);
			productName = ExpenseTracker;
			productReference = 1DE87E392BD3A94900EBE6B9 /* ExpenseTracker.app */;
			productType = "com.apple.product-type.application";
		};
/* End PBXNativeTarget section */

/* Begin PBXProject section */
		1DE87E312BD3A94900EBE6B9 /* Project object */ = {
			isa = PBXProject;
			attributes = {
				BuildIndependentTargetsInParallel = 1;
				LastSwiftUpdateCheck = 1530;
				LastUpgradeCheck = 1530;
				TargetAttributes = {
					1DE87E382BD3A94900EBE6B9 = {
						CreatedOnToolsVersion = 15.3;
					};
				};
			};
			buildConfigurationList = 1DE87E342BD3A94900EBE6B9 /* Build configuration list for PBXProject "ExpenseTracker" */;
			compatibilityVersion = "Xcode 14.0";
			developmentRegion = en;
			hasScannedForEncodings = 0;
			knownRegions = (
				en,
				Base,
			);
			mainGroup = 1DE87E302BD3A94900EBE6B9;
			packageReferences = (
				1DFBAB1B2BDC1D900002A405 /* XCRemoteSwiftPackageReference "Charts" */,
			);
			productRefGroup = 1DE87E3A2BD3A94900EBE6B9 /* Products */;
			projectDirPath = "";
			projectRoot = "";
			targets = (
				1DE87E382BD3A94900EBE6B9 /* ExpenseTracker */,
			);
		};
/* End PBXProject section */

/* Begin PBXResourcesBuildPhase section */
		1DE87E372BD3A94900EBE6B9 /* Resources */ = {
			isa = PBXResourcesBuildPhase;
			buildActionMask = 2147483647;
			files = (
				1DE87E442BD3A94B00EBE6B9 /* Preview Assets.xcassets in Resources */,
				1DE87E412BD3A94B00EBE6B9 /* Assets.xcassets in Resources */,
			);
			runOnlyForDeploymentPostprocessing = 0;
		};
/* End PBXResourcesBuildPhase section */

/* Begin PBXSourcesBuildPhase section */
		1DE87E352BD3A94900EBE6B9 /* Sources */ = {
			isa = PBXSourcesBuildPhase;
			buildActionMask = 2147483647;
			files = (
				1DE87E4D2BD3ABCE00EBE6B9 /* Expense.swift in Sources */,
				1DE87E552BD3B36400EBE6B9 /* ExpensesView.swift in Sources */,
				1D765CF92BDE4D060009B85B /* StatisticsView.swift in Sources */,
				1DE87E3F2BD3A94900EBE6B9 /* ContentView.swift in Sources */,
				1DE87E592BD3BA7B00EBE6B9 /* AccountView.swift in Sources */,
				1DE87E5D2BD3BC7C00EBE6B9 /* GroupedExpenses.swift in Sources */,
				1DE87E532BD3B2C000EBE6B9 /* CategoryView.swift in Sources */,
				1DE87E5F2BD3C37300EBE6B9 /* AddExpenseView.swift in Sources */,
				1DE87E3D2BD3A94900EBE6B9 /* ExpenseTrackerApp.swift in Sources */,
				1D1271C52BDEC46400082B63 /* CreditCardView.swift in Sources */,
				1DE87E612BD3CFE700EBE6B9 /* CardView.swift in Sources */,
				1D503AFD2BD57DC500BC7DF8 /* TransferViewModel.swift in Sources */,
				1DE87E4F2BD3AE7B00EBE6B9 /* Category.swift in Sources */,
				1DD398012BD4416700E93680 /* EarningsView.swift in Sources */,
				1D1271C72BDEC96600082B63 /* CategoryViewModel.swift in Sources */,
				1D1271C12BDEC22300082B63 /* AddTransferViewModel.swift in Sources */,
			);
			runOnlyForDeploymentPostprocessing = 0;
		};
/* End PBXSourcesBuildPhase section */

/* Begin XCBuildConfiguration section */
		1DE87E452BD3A94B00EBE6B9 /* Debug */ = {
			isa = XCBuildConfiguration;
			buildSettings = {
				ALWAYS_SEARCH_USER_PATHS = NO;
				ASSETCATALOG_COMPILER_GENERATE_SWIFT_ASSET_SYMBOL_EXTENSIONS = YES;
				CLANG_ANALYZER_NONNULL = YES;
				CLANG_ANALYZER_NUMBER_OBJECT_CONVERSION = YES_AGGRESSIVE;
				CLANG_CXX_LANGUAGE_STANDARD = "gnu++20";
				CLANG_ENABLE_MODULES = YES;
				CLANG_ENABLE_OBJC_ARC = YES;
				CLANG_ENABLE_OBJC_WEAK = YES;
				CLANG_WARN_BLOCK_CAPTURE_AUTORELEASING = YES;
				CLANG_WARN_BOOL_CONVERSION = YES;
				CLANG_WARN_COMMA = YES;
				CLANG_WARN_CONSTANT_CONVERSION = YES;
				CLANG_WARN_DEPRECATED_OBJC_IMPLEMENTATIONS = YES;
				CLANG_WARN_DIRECT_OBJC_ISA_USAGE = YES_ERROR;
				CLANG_WARN_DOCUMENTATION_COMMENTS = YES;
				CLANG_WARN_EMPTY_BODY = YES;
				CLANG_WARN_ENUM_CONVERSION = YES;
				CLANG_WARN_INFINITE_RECURSION = YES;
				CLANG_WARN_INT_CONVERSION = YES;
				CLANG_WARN_NON_LITERAL_NULL_CONVERSION = YES;
				CLANG_WARN_OBJC_IMPLICIT_RETAIN_SELF = YES;
				CLANG_WARN_OBJC_LITERAL_CONVERSION = YES;
				CLANG_WARN_OBJC_ROOT_CLASS = YES_ERROR;
				CLANG_WARN_QUOTED_INCLUDE_IN_FRAMEWORK_HEADER = YES;
				CLANG_WARN_RANGE_LOOP_ANALYSIS = YES;
				CLANG_WARN_STRICT_PROTOTYPES = YES;
				CLANG_WARN_SUSPICIOUS_MOVE = YES;
				CLANG_WARN_UNGUARDED_AVAILABILITY = YES_AGGRESSIVE;
				CLANG_WARN_UNREACHABLE_CODE = YES;
				CLANG_WARN__DUPLICATE_METHOD_MATCH = YES;
				COPY_PHASE_STRIP = NO;
				DEBUG_INFORMATION_FORMAT = dwarf;
				ENABLE_STRICT_OBJC_MSGSEND = YES;
				ENABLE_TESTABILITY = YES;
				ENABLE_USER_SCRIPT_SANDBOXING = YES;
				GCC_C_LANGUAGE_STANDARD = gnu17;
				GCC_DYNAMIC_NO_PIC = NO;
				GCC_NO_COMMON_BLOCKS = YES;
				GCC_OPTIMIZATION_LEVEL = 0;
				GCC_PREPROCESSOR_DEFINITIONS = (
					"DEBUG=1",
					"$(inherited)",
				);
				GCC_WARN_64_TO_32_BIT_CONVERSION = YES;
				GCC_WARN_ABOUT_RETURN_TYPE = YES_ERROR;
				GCC_WARN_UNDECLARED_SELECTOR = YES;
				GCC_WARN_UNINITIALIZED_AUTOS = YES_AGGRESSIVE;
				GCC_WARN_UNUSED_FUNCTION = YES;
				GCC_WARN_UNUSED_VARIABLE = YES;
				IPHONEOS_DEPLOYMENT_TARGET = 17.4;
				LOCALIZATION_PREFERS_STRING_CATALOGS = YES;
				MTL_ENABLE_DEBUG_INFO = INCLUDE_SOURCE;
				MTL_FAST_MATH = YES;
				ONLY_ACTIVE_ARCH = YES;
				SDKROOT = iphoneos;
				SWIFT_ACTIVE_COMPILATION_CONDITIONS = "DEBUG $(inherited)";
				SWIFT_OPTIMIZATION_LEVEL = "-Onone";
			};
			name = Debug;
		};
		1DE87E462BD3A94B00EBE6B9 /* Release */ = {
			isa = XCBuildConfiguration;
			buildSettings = {
				ALWAYS_SEARCH_USER_PATHS = NO;
				ASSETCATALOG_COMPILER_GENERATE_SWIFT_ASSET_SYMBOL_EXTENSIONS = YES;
				CLANG_ANALYZER_NONNULL = YES;
				CLANG_ANALYZER_NUMBER_OBJECT_CONVERSION = YES_AGGRESSIVE;
				CLANG_CXX_LANGUAGE_STANDARD = "gnu++20";
				CLANG_ENABLE_MODULES = YES;
				CLANG_ENABLE_OBJC_ARC = YES;
				CLANG_ENABLE_OBJC_WEAK = YES;
				CLANG_WARN_BLOCK_CAPTURE_AUTORELEASING = YES;
				CLANG_WARN_BOOL_CONVERSION = YES;
				CLANG_WARN_COMMA = YES;
				CLANG_WARN_CONSTANT_CONVERSION = YES;
				CLANG_WARN_DEPRECATED_OBJC_IMPLEMENTATIONS = YES;
				CLANG_WARN_DIRECT_OBJC_ISA_USAGE = YES_ERROR;
				CLANG_WARN_DOCUMENTATION_COMMENTS = YES;
				CLANG_WARN_EMPTY_BODY = YES;
				CLANG_WARN_ENUM_CONVERSION = YES;
				CLANG_WARN_INFINITE_RECURSION = YES;
				CLANG_WARN_INT_CONVERSION = YES;
				CLANG_WARN_NON_LITERAL_NULL_CONVERSION = YES;
				CLANG_WARN_OBJC_IMPLICIT_RETAIN_SELF = YES;
				CLANG_WARN_OBJC_LITERAL_CONVERSION = YES;
				CLANG_WARN_OBJC_ROOT_CLASS = YES_ERROR;
				CLANG_WARN_QUOTED_INCLUDE_IN_FRAMEWORK_HEADER = YES;
				CLANG_WARN_RANGE_LOOP_ANALYSIS = YES;
				CLANG_WARN_STRICT_PROTOTYPES = YES;
				CLANG_WARN_SUSPICIOUS_MOVE = YES;
				CLANG_WARN_UNGUARDED_AVAILABILITY = YES_AGGRESSIVE;
				CLANG_WARN_UNREACHABLE_CODE = YES;
				CLANG_WARN__DUPLICATE_METHOD_MATCH = YES;
				COPY_PHASE_STRIP = NO;
				DEBUG_INFORMATION_FORMAT = "dwarf-with-dsym";
				ENABLE_NS_ASSERTIONS = NO;
				ENABLE_STRICT_OBJC_MSGSEND = YES;
				ENABLE_USER_SCRIPT_SANDBOXING = YES;
				GCC_C_LANGUAGE_STANDARD = gnu17;
				GCC_NO_COMMON_BLOCKS = YES;
				GCC_WARN_64_TO_32_BIT_CONVERSION = YES;
				GCC_WARN_ABOUT_RETURN_TYPE = YES_ERROR;
				GCC_WARN_UNDECLARED_SELECTOR = YES;
				GCC_WARN_UNINITIALIZED_AUTOS = YES_AGGRESSIVE;
				GCC_WARN_UNUSED_FUNCTION = YES;
				GCC_WARN_UNUSED_VARIABLE = YES;
				IPHONEOS_DEPLOYMENT_TARGET = 17.4;
				LOCALIZATION_PREFERS_STRING_CATALOGS = YES;
				MTL_ENABLE_DEBUG_INFO = NO;
				MTL_FAST_MATH = YES;
				SDKROOT = iphoneos;
				SWIFT_COMPILATION_MODE = wholemodule;
				VALIDATE_PRODUCT = YES;
			};
			name = Release;
		};
		1DE87E482BD3A94B00EBE6B9 /* Debug */ = {
			isa = XCBuildConfiguration;
			buildSettings = {
				ASSETCATALOG_COMPILER_APPICON_NAME = AppIcon;
				ASSETCATALOG_COMPILER_GLOBAL_ACCENT_COLOR_NAME = AccentColor;
				CODE_SIGN_ENTITLEMENTS = ExpenseTracker/ExpenseTracker.entitlements;
				CODE_SIGN_STYLE = Automatic;
				CURRENT_PROJECT_VERSION = 1;
				DEVELOPMENT_ASSET_PATHS = "\"ExpenseTracker/Preview Content\"";
				DEVELOPMENT_TEAM = "";
				ENABLE_PREVIEWS = YES;
				GENERATE_INFOPLIST_FILE = YES;
				INFOPLIST_KEY_UIApplicationSceneManifest_Generation = YES;
				INFOPLIST_KEY_UIApplicationSupportsIndirectInputEvents = YES;
				INFOPLIST_KEY_UILaunchScreen_Generation = YES;
				INFOPLIST_KEY_UISupportedInterfaceOrientations_iPad = "UIInterfaceOrientationPortrait UIInterfaceOrientationPortraitUpsideDown UIInterfaceOrientationLandscapeLeft UIInterfaceOrientationLandscapeRight";
				INFOPLIST_KEY_UISupportedInterfaceOrientations_iPhone = "UIInterfaceOrientationPortrait UIInterfaceOrientationLandscapeLeft UIInterfaceOrientationLandscapeRight";
				LD_RUNPATH_SEARCH_PATHS = (
					"$(inherited)",
					"@executable_path/Frameworks",
				);
				MARKETING_VERSION = 1.0;
				PRODUCT_BUNDLE_IDENTIFIER = com.marekspirka.ExpenseTracker;
				PRODUCT_NAME = "$(TARGET_NAME)";
				SWIFT_EMIT_LOC_STRINGS = YES;
				SWIFT_VERSION = 5.0;
				TARGETED_DEVICE_FAMILY = "1,2";
			};
			name = Debug;
		};
		1DE87E492BD3A94B00EBE6B9 /* Release */ = {
			isa = XCBuildConfiguration;
			buildSettings = {
				ASSETCATALOG_COMPILER_APPICON_NAME = AppIcon;
				ASSETCATALOG_COMPILER_GLOBAL_ACCENT_COLOR_NAME = AccentColor;
				CODE_SIGN_ENTITLEMENTS = ExpenseTracker/ExpenseTracker.entitlements;
				CODE_SIGN_STYLE = Automatic;
				CURRENT_PROJECT_VERSION = 1;
				DEVELOPMENT_ASSET_PATHS = "\"ExpenseTracker/Preview Content\"";
				DEVELOPMENT_TEAM = "";
				ENABLE_PREVIEWS = YES;
				GENERATE_INFOPLIST_FILE = YES;
				INFOPLIST_KEY_UIApplicationSceneManifest_Generation = YES;
				INFOPLIST_KEY_UIApplicationSupportsIndirectInputEvents = YES;
				INFOPLIST_KEY_UILaunchScreen_Generation = YES;
				INFOPLIST_KEY_UISupportedInterfaceOrientations_iPad = "UIInterfaceOrientationPortrait UIInterfaceOrientationPortraitUpsideDown UIInterfaceOrientationLandscapeLeft UIInterfaceOrientationLandscapeRight";
				INFOPLIST_KEY_UISupportedInterfaceOrientations_iPhone = "UIInterfaceOrientationPortrait UIInterfaceOrientationLandscapeLeft UIInterfaceOrientationLandscapeRight";
				LD_RUNPATH_SEARCH_PATHS = (
					"$(inherited)",
					"@executable_path/Frameworks",
				);
				MARKETING_VERSION = 1.0;
				PRODUCT_BUNDLE_IDENTIFIER = com.marekspirka.ExpenseTracker;
				PRODUCT_NAME = "$(TARGET_NAME)";
				SWIFT_EMIT_LOC_STRINGS = YES;
				SWIFT_VERSION = 5.0;
				TARGETED_DEVICE_FAMILY = "1,2";
			};
			name = Release;
		};
/* End XCBuildConfiguration section */

/* Begin XCConfigurationList section */
		1DE87E342BD3A94900EBE6B9 /* Build configuration list for PBXProject "ExpenseTracker" */ = {
			isa = XCConfigurationList;
			buildConfigurations = (
				1DE87E452BD3A94B00EBE6B9 /* Debug */,
				1DE87E462BD3A94B00EBE6B9 /* Release */,
			);
			defaultConfigurationIsVisible = 0;
			defaultConfigurationName = Release;
		};
		1DE87E472BD3A94B00EBE6B9 /* Build configuration list for PBXNativeTarget "ExpenseTracker" */ = {
			isa = XCConfigurationList;
			buildConfigurations = (
				1DE87E482BD3A94B00EBE6B9 /* Debug */,
				1DE87E492BD3A94B00EBE6B9 /* Release */,
			);
			defaultConfigurationIsVisible = 0;
			defaultConfigurationName = Release;
		};
/* End XCConfigurationList section */

/* Begin XCRemoteSwiftPackageReference section */
		1DFBAB1B2BDC1D900002A405 /* XCRemoteSwiftPackageReference "Charts" */ = {
			isa = XCRemoteSwiftPackageReference;
			repositoryURL = "https://github.com/danielgindi/Charts.git";
			requirement = {
				kind = upToNextMajorVersion;
				minimumVersion = 5.1.0;
			};
		};
/* End XCRemoteSwiftPackageReference section */

/* Begin XCSwiftPackageProductDependency section */
		1DFBAB1C2BDC1D900002A405 /* DGCharts */ = {
			isa = XCSwiftPackageProductDependency;
			package = 1DFBAB1B2BDC1D900002A405 /* XCRemoteSwiftPackageReference "Charts" */;
			productName = DGCharts;
		};
		1DFBAB1E2BDC1D900002A405 /* DGChartsDynamic */ = {
			isa = XCSwiftPackageProductDependency;
			package = 1DFBAB1B2BDC1D900002A405 /* XCRemoteSwiftPackageReference "Charts" */;
			productName = DGChartsDynamic;
		};
/* End XCSwiftPackageProductDependency section */
	};
	rootObject = 1DE87E312BD3A94900EBE6B9 /* Project object */;
}
